{
  "version": "4",
  "specifiers": {
    "jsr:@std/assert@^1.0.10": "1.0.11",
    "jsr:@std/internal@^1.0.5": "1.0.5",
    "npm:@types/delaunator@5": "5.0.3",
    "npm:delaunator@^5.0.1": "5.0.1"
  },
  "jsr": {
    "@std/assert@1.0.11": {
      "integrity": "2461ef3c368fe88bc60e186e7744a93112f16fd110022e113a0849e94d1c83c1",
      "dependencies": [
        "jsr:@std/internal"
      ]
    },
    "@std/internal@1.0.5": {
      "integrity": "54a546004f769c1ac9e025abd15a76b6671ddc9687e2313b67376125650dc7ba"
    }
  },
  "npm": {
    "@types/delaunator@5.0.3": {
      "integrity": "sha512-6tTLP8NX0OwtB/fmW9bXp4EWPptawTSsrSGjboWRuzqkxNEEJGyzRPHbr8wnV2DBWfAZ+EPTOvW3B/KysJrl2g=="
    },
    "delaunator@5.0.1": {
      "integrity": "sha512-8nvh+XBe96aCESrGOqMp/84b13H9cdKbG5P2ejQCh4d4sK9RL4371qou9drQjMhvnPmhWl5hnmqbEE0fXr9Xnw==",
      "dependencies": [
        "robust-predicates"
      ]
    },
    "robust-predicates@3.0.2": {
      "integrity": "sha512-IXgzBWvWQwE6PrDI05OvmXUIruQTcoMDzRsOd5CDvHCVLcLHMTSYvOK5Cm46kWqlV3yAbuSpBZdJ5oP5OUoStg=="
    }
  },
  "workspace": {
    "dependencies": [
      "jsr:@std/assert@^1.0.10",
      "jsr:@std/expect@^1.0.11",
      "jsr:@std/http@^1.0.12",
      "jsr:@std/testing@^1.0.9",
      "npm:@types/delaunator@5",
      "npm:delaunator@^5.0.1"
    ]
  }
}
